{
  "name": "OctoBot-Community",
  "version": "0.1.0",
  "lockfileVersion": 2,
  "requires": true,
  "packages": {
    "": {
      "name": "OctoBot-Community",
      "version": "0.1.0",
      "dependencies": {
        "@spree/dashboard": "^0.1.0",
        "esbuild": "^0.14.1"
      }
    },
    "node_modules/@hotwired/stimulus": {
      "version": "3.0.1",
      "license": "MIT"
    },
    "node_modules/@hotwired/turbo": {
      "version": "7.1.0",
      "license": "MIT"
    },
    "node_modules/@rails/request.js": {
      "version": "0.0.5",
      "license": "MIT"
    },
    "node_modules/@spree/dashboard": {
      "version": "0.1.0",
      "license": "MIT",
      "dependencies": {
        "@hotwired/stimulus": "^3.0.1",
        "@hotwired/turbo": "^7.0.1",
        "@rails/request.js": "^0.0.5",
        "bootstrap": "4.6.1",
        "flatpickr": "^4.6.9",
        "jquery": "3.5.1",
        "popper.js": "1.16.1",
        "sortablejs": "^1.14.0",
        "stimulus-sortable": "^3.1.0"
      }
    },
    "node_modules/bootstrap": {
      "version": "4.6.1",
      "license": "MIT",
      "funding": {
        "type": "opencollective",
        "url": "https://opencollective.com/bootstrap"
      },
      "peerDependencies": {
        "jquery": "1.9.1 - 3",
        "popper.js": "^1.16.1"
      }
    },
    "node_modules/esbuild": {
      "version": "0.14.11",
      "hasInstallScript": true,
      "license": "MIT",
      "bin": {
        "esbuild": "bin/esbuild"
      },
      "optionalDependencies": {
        "esbuild-android-arm64": "0.14.11",
        "esbuild-darwin-64": "0.14.11",
        "esbuild-darwin-arm64": "0.14.11",
        "esbuild-freebsd-64": "0.14.11",
        "esbuild-freebsd-arm64": "0.14.11",
        "esbuild-linux-32": "0.14.11",
        "esbuild-linux-64": "0.14.11",
        "esbuild-linux-arm": "0.14.11",
        "esbuild-linux-arm64": "0.14.11",
        "esbuild-linux-mips64le": "0.14.11",
        "esbuild-linux-ppc64le": "0.14.11",
        "esbuild-linux-s390x": "0.14.11",
        "esbuild-netbsd-64": "0.14.11",
        "esbuild-openbsd-64": "0.14.11",
        "esbuild-sunos-64": "0.14.11",
        "esbuild-windows-32": "0.14.11",
        "esbuild-windows-64": "0.14.11",
        "esbuild-windows-arm64": "0.14.11"
      }
    },
    "node_modules/esbuild-linux-64": {
      "version": "0.14.11",
      "cpu": [
        "x64"
      ],
      "license": "MIT",
      "optional": true,
      "os": [
        "linux"
      ]
    },
    "node_modules/flatpickr": {
      "version": "4.6.9",
      "license": "MIT"
    },
    "node_modules/jquery": {
      "version": "3.5.1",
      "license": "MIT"
    },
    "node_modules/popper.js": {
      "version": "1.16.1",
      "license": "MIT",
      "funding": {
        "type": "opencollective",
        "url": "https://opencollective.com/popperjs"
      }
    },
    "node_modules/sortablejs": {
      "version": "1.14.0",
      "license": "MIT"
    },
    "node_modules/stimulus-sortable": {
      "version": "3.1.0",
      "license": "MIT",
      "peerDependencies": {
        "@hotwired/stimulus": "^3.0.1",
        "@rails/request.js": "^0.0.5",
        "sortablejs": "^1.14.0"
      }
    }
  },
  "dependencies": {
    "@hotwired/stimulus": {
      "version": "3.0.1"
    },
    "@hotwired/turbo": {
      "version": "7.1.0"
    },
    "@rails/request.js": {
      "version": "0.0.5"
    },
    "@spree/dashboard": {
      "version": "0.1.0",
      "requires": {
        "@hotwired/stimulus": "^3.0.1",
        "@hotwired/turbo": "^7.0.1",
        "@rails/request.js": "^0.0.5",
        "bootstrap": "4.6.1",
        "flatpickr": "^4.6.9",
        "jquery": "3.5.1",
        "popper.js": "1.16.1",
        "sortablejs": "^1.14.0",
        "stimulus-sortable": "^3.1.0"
      }
    },
    "bootstrap": {
      "version": "4.6.1",
      "requires": {}
    },
    "esbuild": {
      "version": "0.14.11",
      "requires": {
        "esbuild-android-arm64": "0.14.11",
        "esbuild-darwin-64": "0.14.11",
        "esbuild-darwin-arm64": "0.14.11",
        "esbuild-freebsd-64": "0.14.11",
        "esbuild-freebsd-arm64": "0.14.11",
        "esbuild-linux-32": "0.14.11",
        "esbuild-linux-64": "0.14.11",
        "esbuild-linux-arm": "0.14.11",
        "esbuild-linux-arm64": "0.14.11",
        "esbuild-linux-mips64le": "0.14.11",
        "esbuild-linux-ppc64le": "0.14.11",
        "esbuild-linux-s390x": "0.14.11",
        "esbuild-netbsd-64": "0.14.11",
        "esbuild-openbsd-64": "0.14.11",
        "esbuild-sunos-64": "0.14.11",
        "esbuild-windows-32": "0.14.11",
        "esbuild-windows-64": "0.14.11",
        "esbuild-windows-arm64": "0.14.11"
      }
    },
    "esbuild-linux-64": {
      "version": "0.14.11",
      "optional": true
    },
    "flatpickr": {
      "version": "4.6.9"
    },
    "jquery": {
      "version": "3.5.1"
    },
    "popper.js": {
      "version": "1.16.1"
    },
    "sortablejs": {
      "version": "1.14.0"
    },
    "stimulus-sortable": {
      "version": "3.1.0",
      "requires": {}
    }
  }
}
